
Microsoft Visual Studio Solution File, Format Version 12.00
# Visual Studio 15
Project("{FAE04EC0-301F-11D3-BF4B-00C04F79EFBC}") = "NPlusOneMvvmCross.iOS", "iOS\NPlusOneMvvmCross.iOS.csproj", "{5896014B-8E17-428E-B51C-34D50005AB6D}"
EndProject
Project("{FAE04EC0-301F-11D3-BF4B-00C04F79EFBC}") = "NPlusOneMvvmCross.Core", "NPlusOneMvvmCross.Core\NPlusOneMvvmCross.Core.csproj", "{42B05674-56D2-47DD-B6A9-BD10A62A633F}"
EndProject
Global
	GlobalSection(SolutionConfigurationPlatforms) = preSolution
		Debug|Any CPU = Debug|Any CPU
		Release|Any CPU = Release|Any CPU
		Debug|iPhoneSimulator = Debug|iPhoneSimulator
		Release|iPhone = Release|iPhone
		Release|iPhoneSimulator = Release|iPhoneSimulator
		Debug|iPhone = Debug|iPhone
	EndGlobalSection
	GlobalSection(ProjectConfigurationPlatforms) = postSolution
		{5896014B-8E17-428E-B51C-34D50005AB6D}.Debug|Any CPU.ActiveCfg = Debug|iPhoneSimulator
		{5896014B-8E17-428E-B51C-34D50005AB6D}.Debug|Any CPU.Build.0 = Debug|iPhoneSimulator
		{5896014B-8E17-428E-B51C-34D50005AB6D}.Release|Any CPU.ActiveCfg = Release|iPhone
		{5896014B-8E17-428E-B51C-34D50005AB6D}.Release|Any CPU.Build.0 = Release|iPhone
		{5896014B-8E17-428E-B51C-34D50005AB6D}.Debug|iPhoneSimulator.ActiveCfg = Debug|iPhoneSimulator
		{5896014B-8E17-428E-B51C-34D50005AB6D}.Debug|iPhoneSimulator.Build.0 = Debug|iPhoneSimulator
		{5896014B-8E17-428E-B51C-34D50005AB6D}.Release|iPhone.ActiveCfg = Release|iPhone
		{5896014B-8E17-428E-B51C-34D50005AB6D}.Release|iPhone.Build.0 = Release|iPhone
		{5896014B-8E17-428E-B51C-34D50005AB6D}.Release|iPhoneSimulator.ActiveCfg = Release|iPhoneSimulator
		{5896014B-8E17-428E-B51C-34D50005AB6D}.Release|iPhoneSimulator.Build.0 = Release|iPhoneSimulator
		{5896014B-8E17-428E-B51C-34D50005AB6D}.Debug|iPhone.ActiveCfg = Debug|iPhone
		{5896014B-8E17-428E-B51C-34D50005AB6D}.Debug|iPhone.Build.0 = Debug|iPhone
		{42B05674-56D2-47DD-B6A9-BD10A62A633F}.Debug|Any CPU.ActiveCfg = Debug|Any CPU
		{42B05674-56D2-47DD-B6A9-BD10A62A633F}.Debug|Any CPU.Build.0 = Debug|Any CPU
		{42B05674-56D2-47DD-B6A9-BD10A62A633F}.Release|Any CPU.ActiveCfg = Release|Any CPU
		{42B05674-56D2-47DD-B6A9-BD10A62A633F}.Release|Any CPU.Build.0 = Release|Any CPU
		{42B05674-56D2-47DD-B6A9-BD10A62A633F}.Debug|iPhoneSimulator.ActiveCfg = Debug|Any CPU
		{42B05674-56D2-47DD-B6A9-BD10A62A633F}.Debug|iPhoneSimulator.Build.0 = Debug|Any CPU
		{42B05674-56D2-47DD-B6A9-BD10A62A633F}.Release|iPhone.ActiveCfg = Release|Any CPU
		{42B05674-56D2-47DD-B6A9-BD10A62A633F}.Release|iPhone.Build.0 = Release|Any CPU
		{42B05674-56D2-47DD-B6A9-BD10A62A633F}.Release|iPhoneSimulator.ActiveCfg = Release|Any CPU
		{42B05674-56D2-47DD-B6A9-BD10A62A633F}.Release|iPhoneSimulator.Build.0 = Release|Any CPU
		{42B05674-56D2-47DD-B6A9-BD10A62A633F}.Debug|iPhone.ActiveCfg = Debug|Any CPU
		{42B05674-56D2-47DD-B6A9-BD10A62A633F}.Debug|iPhone.Build.0 = Debug|Any CPU
	EndGlobalSection
EndGlobal
